// !$*UTF8*$!
{
	archiveVersion = 1;
	classes = {
	};
	objectVersion = 54;
	objects = {

/* Begin PBXBuildFile section */
		553C6D321879E457002237FC /* blankIcon.png in Resources */ = {isa = PBXBuildFile; fileRef = 553C6D311879E457002237FC /* blankIcon.png */; };
		55424C611870D4AA002F5408 /* AppKit.framework in Frameworks */ = {isa = PBXBuildFile; fileRef = 55424C601870D4AA002F5408 /* AppKit.framework */; };
		55424C631870D90E002F5408 /* defaultIcon.png in Resources */ = {isa = PBXBuildFile; fileRef = 55424C621870D90E002F5408 /* defaultIcon.png */; };
		55424C671870DB2A002F5408 /* NSBezierPath+IOS7RoundedRect.h in Headers */ = {isa = PBXBuildFile; fileRef = 55424C651870DB2A002F5408 /* NSBezierPath+IOS7RoundedRect.h */; };
		55424C681870DB2A002F5408 /* NSBezierPath+IOS7RoundedRect.m in Sources */ = {isa = PBXBuildFile; fileRef = 55424C661870DB2A002F5408 /* NSBezierPath+IOS7RoundedRect.m */; };
		555E9515186E2D67001D406A /* main.c in Sources */ = {isa = PBXBuildFile; fileRef = 555E9512186E2D67001D406A /* main.c */; };
		555E951C186E2DC0001D406A /* template.html in Resources */ = {isa = PBXBuildFile; fileRef = 555E9519186E2DC0001D406A /* template.html */; };
		557C842218731FB7008A2A0C /* WebKit.framework in Frameworks */ = {isa = PBXBuildFile; fileRef = 557C842118731FB7008A2A0C /* WebKit.framework */; };
		557C842618732599008A2A0C /* Shared.m in Sources */ = {isa = PBXBuildFile; fileRef = 557C842418732599008A2A0C /* Shared.m */; };
		557C842818733828008A2A0C /* Shared.h in Headers */ = {isa = PBXBuildFile; fileRef = 557C842718733828008A2A0C /* Shared.h */; };
		55DB7281186E193500CAFEE7 /* QuickLook.framework in Frameworks */ = {isa = PBXBuildFile; fileRef = 55DB7280186E193500CAFEE7 /* QuickLook.framework */; };
		55DB7283186E193500CAFEE7 /* ApplicationServices.framework in Frameworks */ = {isa = PBXBuildFile; fileRef = 55DB7282186E193500CAFEE7 /* ApplicationServices.framework */; };
		55DB7285186E193500CAFEE7 /* CoreServices.framework in Frameworks */ = {isa = PBXBuildFile; fileRef = 55DB7284186E193500CAFEE7 /* CoreServices.framework */; };
		55DB7287186E193500CAFEE7 /* CoreFoundation.framework in Frameworks */ = {isa = PBXBuildFile; fileRef = 55DB7286186E193500CAFEE7 /* CoreFoundation.framework */; };
		55DB728F186E193500CAFEE7 /* GenerateThumbnailForURL.m in Sources */ = {isa = PBXBuildFile; fileRef = 55DB728E186E193500CAFEE7 /* GenerateThumbnailForURL.m */; };
		55DB7291186E193500CAFEE7 /* GeneratePreviewForURL.m in Sources */ = {isa = PBXBuildFile; fileRef = 55DB7290186E193500CAFEE7 /* GeneratePreviewForURL.m */; };
		55DB729B186E195500CAFEE7 /* Security.framework in Frameworks */ = {isa = PBXBuildFile; fileRef = 55DB729A186E195500CAFEE7 /* Security.framework */; };
/* End PBXBuildFile section */

/* Begin PBXFileReference section */
		553C6D311879E457002237FC /* blankIcon.png */ = {isa = PBXFileReference; lastKnownFileType = image.png; path = blankIcon.png; sourceTree = "<group>"; };
		55424C601870D4AA002F5408 /* AppKit.framework */ = {isa = PBXFileReference; lastKnownFileType = wrapper.framework; name = AppKit.framework; path = System/Library/Frameworks/AppKit.framework; sourceTree = SDKROOT; };
		55424C621870D90E002F5408 /* defaultIcon.png */ = {isa = PBXFileReference; lastKnownFileType = image.png; path = defaultIcon.png; sourceTree = "<group>"; };
		55424C651870DB2A002F5408 /* NSBezierPath+IOS7RoundedRect.h */ = {isa = PBXFileReference; fileEncoding = 4; lastKnownFileType = sourcecode.c.h; path = "NSBezierPath+IOS7RoundedRect.h"; sourceTree = "<group>"; };
		55424C661870DB2A002F5408 /* NSBezierPath+IOS7RoundedRect.m */ = {isa = PBXFileReference; fileEncoding = 4; lastKnownFileType = sourcecode.c.objc; path = "NSBezierPath+IOS7RoundedRect.m"; sourceTree = "<group>"; };
		55457C11203C4A9E00ED02E5 /* LICENSE.md */ = {isa = PBXFileReference; fileEncoding = 4; lastKnownFileType = net.daringfireball.markdown; path = LICENSE.md; sourceTree = "<group>"; };
		55457C12203C4A9E00ED02E5 /* CHANGELOG.md */ = {isa = PBXFileReference; fileEncoding = 4; lastKnownFileType = net.daringfireball.markdown; path = CHANGELOG.md; sourceTree = "<group>"; };
		55457C13203C4A9E00ED02E5 /* README.md */ = {isa = PBXFileReference; fileEncoding = 4; lastKnownFileType = net.daringfireball.markdown; path = README.md; sourceTree = "<group>"; };
		555E9512186E2D67001D406A /* main.c */ = {isa = PBXFileReference; fileEncoding = 4; lastKnownFileType = sourcecode.c.c; path = main.c; sourceTree = "<group>"; };
		555E9513186E2D67001D406A /* Info.plist */ = {isa = PBXFileReference; fileEncoding = 4; lastKnownFileType = text.plist.xml; path = Info.plist; sourceTree = "<group>"; };
		555E9519186E2DC0001D406A /* template.html */ = {isa = PBXFileReference; fileEncoding = 4; lastKnownFileType = text.html; path = template.html; sourceTree = "<group>"; };
		557C842118731FB7008A2A0C /* WebKit.framework */ = {isa = PBXFileReference; lastKnownFileType = wrapper.framework; name = WebKit.framework; path = System/Library/Frameworks/WebKit.framework; sourceTree = SDKROOT; };
		557C842418732599008A2A0C /* Shared.m */ = {isa = PBXFileReference; fileEncoding = 4; lastKnownFileType = sourcecode.c.objc; path = Shared.m; sourceTree = "<group>"; };
		557C842718733828008A2A0C /* Shared.h */ = {isa = PBXFileReference; fileEncoding = 4; lastKnownFileType = sourcecode.c.h; path = Shared.h; sourceTree = "<group>"; };
		55DB727D186E193500CAFEE7 /* ProvisionQL.qlgenerator */ = {isa = PBXFileReference; explicitFileType = wrapper.cfbundle; includeInIndex = 0; path = ProvisionQL.qlgenerator; sourceTree = BUILT_PRODUCTS_DIR; };
		55DB7280186E193500CAFEE7 /* QuickLook.framework */ = {isa = PBXFileReference; lastKnownFileType = wrapper.framework; name = QuickLook.framework; path = System/Library/Frameworks/QuickLook.framework; sourceTree = SDKROOT; };
		55DB7282186E193500CAFEE7 /* ApplicationServices.framework */ = {isa = PBXFileReference; lastKnownFileType = wrapper.framework; name = ApplicationServices.framework; path = System/Library/Frameworks/ApplicationServices.framework; sourceTree = SDKROOT; };
		55DB7284186E193500CAFEE7 /* CoreServices.framework */ = {isa = PBXFileReference; lastKnownFileType = wrapper.framework; name = CoreServices.framework; path = System/Library/Frameworks/CoreServices.framework; sourceTree = SDKROOT; };
		55DB7286186E193500CAFEE7 /* CoreFoundation.framework */ = {isa = PBXFileReference; lastKnownFileType = wrapper.framework; name = CoreFoundation.framework; path = System/Library/Frameworks/CoreFoundation.framework; sourceTree = SDKROOT; };
		55DB728E186E193500CAFEE7 /* GenerateThumbnailForURL.m */ = {isa = PBXFileReference; lastKnownFileType = sourcecode.c.objc; path = GenerateThumbnailForURL.m; sourceTree = "<group>"; };
		55DB7290186E193500CAFEE7 /* GeneratePreviewForURL.m */ = {isa = PBXFileReference; lastKnownFileType = sourcecode.c.objc; path = GeneratePreviewForURL.m; sourceTree = "<group>"; };
		55DB729A186E195500CAFEE7 /* Security.framework */ = {isa = PBXFileReference; lastKnownFileType = wrapper.framework; name = Security.framework; path = System/Library/Frameworks/Security.framework; sourceTree = SDKROOT; };
		AE61B2AE236C969C003749A1 /* autoupdate-revision.sh */ = {isa = PBXFileReference; fileEncoding = 4; lastKnownFileType = text.script.sh; path = "autoupdate-revision.sh"; sourceTree = "<group>"; };
/* End PBXFileReference section */

/* Begin PBXFrameworksBuildPhase section */
		55DB7278186E193500CAFEE7 /* Frameworks */ = {
			isa = PBXFrameworksBuildPhase;
			buildActionMask = 2147483647;
			files = (
				557C842218731FB7008A2A0C /* WebKit.framework in Frameworks */,
				55424C611870D4AA002F5408 /* AppKit.framework in Frameworks */,
				55DB729B186E195500CAFEE7 /* Security.framework in Frameworks */,
				55DB7287186E193500CAFEE7 /* CoreFoundation.framework in Frameworks */,
				55DB7281186E193500CAFEE7 /* QuickLook.framework in Frameworks */,
				55DB7285186E193500CAFEE7 /* CoreServices.framework in Frameworks */,
				55DB7283186E193500CAFEE7 /* ApplicationServices.framework in Frameworks */,
			);
			runOnlyForDeploymentPostprocessing = 0;
		};
/* End PBXFrameworksBuildPhase section */

/* Begin PBXGroup section */
		55424C641870DB2A002F5408 /* NSBezierPath+IOS7RoundedRect */ = {
			isa = PBXGroup;
			children = (
				55424C651870DB2A002F5408 /* NSBezierPath+IOS7RoundedRect.h */,
				55424C661870DB2A002F5408 /* NSBezierPath+IOS7RoundedRect.m */,
			);
			path = "NSBezierPath+IOS7RoundedRect";
			sourceTree = "<group>";
		};
		55457C10203C4A7500ED02E5 /* Metadata */ = {
			isa = PBXGroup;
			children = (
				55457C12203C4A9E00ED02E5 /* CHANGELOG.md */,
				55457C13203C4A9E00ED02E5 /* README.md */,
				55457C11203C4A9E00ED02E5 /* LICENSE.md */,
			);
			name = Metadata;
			sourceTree = "<group>";
		};
		555E9511186E2D67001D406A /* Supporting-files */ = {
			isa = PBXGroup;
			children = (
				555E9512186E2D67001D406A /* main.c */,
				555E9513186E2D67001D406A /* Info.plist */,
			);
			path = "Supporting-files";
			sourceTree = "<group>";
		};
		555E9518186E2DC0001D406A /* Resources */ = {
			isa = PBXGroup;
			children = (
				553C6D311879E457002237FC /* blankIcon.png */,
				55424C621870D90E002F5408 /* defaultIcon.png */,
				555E9519186E2DC0001D406A /* template.html */,
			);
			path = Resources;
			sourceTree = "<group>";
		};
		555E951A186E2DC0001D406A /* Scripts */ = {
			isa = PBXGroup;
			children = (
				AE61B2AE236C969C003749A1 /* autoupdate-revision.sh */,
			);
			path = Scripts;
			sourceTree = "<group>";
		};
		55DB7272186E193500CAFEE7 = {
			isa = PBXGroup;
			children = (
				55457C10203C4A7500ED02E5 /* Metadata */,
				55424C641870DB2A002F5408 /* NSBezierPath+IOS7RoundedRect */,
				55DB7288186E193500CAFEE7 /* ProvisionQL */,
				55DB727F186E193500CAFEE7 /* Frameworks */,
				55DB727E186E193500CAFEE7 /* Products */,
			);
			sourceTree = "<group>";
		};
		55DB727E186E193500CAFEE7 /* Products */ = {
			isa = PBXGroup;
			children = (
				55DB727D186E193500CAFEE7 /* ProvisionQL.qlgenerator */,
			);
			name = Products;
			sourceTree = "<group>";
		};
		55DB727F186E193500CAFEE7 /* Frameworks */ = {
			isa = PBXGroup;
			children = (
				557C842118731FB7008A2A0C /* WebKit.framework */,
				55424C601870D4AA002F5408 /* AppKit.framework */,
				55DB729A186E195500CAFEE7 /* Security.framework */,
				55DB7280186E193500CAFEE7 /* QuickLook.framework */,
				55DB7282186E193500CAFEE7 /* ApplicationServices.framework */,
				55DB7284186E193500CAFEE7 /* CoreServices.framework */,
				55DB7286186E193500CAFEE7 /* CoreFoundation.framework */,
			);
			name = Frameworks;
			sourceTree = "<group>";
		};
		55DB7288186E193500CAFEE7 /* ProvisionQL */ = {
			isa = PBXGroup;
			children = (
				555E9511186E2D67001D406A /* Supporting-files */,
				555E951A186E2DC0001D406A /* Scripts */,
				555E9518186E2DC0001D406A /* Resources */,
				557C842718733828008A2A0C /* Shared.h */,
				557C842418732599008A2A0C /* Shared.m */,
				55DB728E186E193500CAFEE7 /* GenerateThumbnailForURL.m */,
				55DB7290186E193500CAFEE7 /* GeneratePreviewForURL.m */,
			);
			path = ProvisionQL;
			sourceTree = "<group>";
		};
/* End PBXGroup section */

/* Begin PBXHeadersBuildPhase section */
		55DB7279186E193500CAFEE7 /* Headers */ = {
			isa = PBXHeadersBuildPhase;
			buildActionMask = 2147483647;
			files = (
				55424C671870DB2A002F5408 /* NSBezierPath+IOS7RoundedRect.h in Headers */,
				557C842818733828008A2A0C /* Shared.h in Headers */,
			);
			runOnlyForDeploymentPostprocessing = 0;
		};
/* End PBXHeadersBuildPhase section */

/* Begin PBXNativeTarget section */
		55DB727C186E193500CAFEE7 /* ProvisionQL */ = {
			isa = PBXNativeTarget;
			buildConfigurationList = 55DB7297186E193500CAFEE7 /* Build configuration list for PBXNativeTarget "ProvisionQL" */;
			buildPhases = (
				55DB7277186E193500CAFEE7 /* Sources */,
				55DB7278186E193500CAFEE7 /* Frameworks */,
				55DB7279186E193500CAFEE7 /* Headers */,
				55DB727A186E193500CAFEE7 /* Resources */,
				55DB727B186E193500CAFEE7 /* Rez */,
				554C6385186E258000D9EEDE /* Run Script */,
			);
			buildRules = (
			);
			dependencies = (
			);
			name = ProvisionQL;
			productName = ProvisionQL;
			productReference = 55DB727D186E193500CAFEE7 /* ProvisionQL.qlgenerator */;
			productType = "com.apple.product-type.bundle";
		};
/* End PBXNativeTarget section */

/* Begin PBXProject section */
		55DB7273186E193500CAFEE7 /* Project object */ = {
			isa = PBXProject;
			attributes = {
				LastUpgradeCheck = 1000;
				ORGANIZATIONNAME = "Evgeny Aleksandrov";
				TargetAttributes = {
					55DB727C186E193500CAFEE7 = {
						DevelopmentTeam = 5567X9EQ9Q;
						ProvisioningStyle = Manual;
					};
				};
			};
			buildConfigurationList = 55DB7276186E193500CAFEE7 /* Build configuration list for PBXProject "ProvisionQL" */;
			compatibilityVersion = "Xcode 3.2";
			developmentRegion = en;
			hasScannedForEncodings = 0;
			knownRegions = (
				en,
				Base,
			);
			mainGroup = 55DB7272186E193500CAFEE7;
			productRefGroup = 55DB727E186E193500CAFEE7 /* Products */;
			projectDirPath = "";
			projectRoot = "";
			targets = (
				55DB727C186E193500CAFEE7 /* ProvisionQL */,
			);
		};
/* End PBXProject section */

/* Begin PBXResourcesBuildPhase section */
		55DB727A186E193500CAFEE7 /* Resources */ = {
			isa = PBXResourcesBuildPhase;
			buildActionMask = 2147483647;
			files = (
				553C6D321879E457002237FC /* blankIcon.png in Resources */,
				55424C631870D90E002F5408 /* defaultIcon.png in Resources */,
				555E951C186E2DC0001D406A /* template.html in Resources */,
			);
			runOnlyForDeploymentPostprocessing = 0;
		};
/* End PBXResourcesBuildPhase section */

/* Begin PBXRezBuildPhase section */
		55DB727B186E193500CAFEE7 /* Rez */ = {
			isa = PBXRezBuildPhase;
			buildActionMask = 2147483647;
			files = (
			);
			runOnlyForDeploymentPostprocessing = 0;
		};
/* End PBXRezBuildPhase section */

/* Begin PBXShellScriptBuildPhase section */
		554C6385186E258000D9EEDE /* Run Script */ = {
			isa = PBXShellScriptBuildPhase;
			alwaysOutOfDate = 1;
			buildActionMask = 12;
			files = (
			);
			inputPaths = (
			);
			name = "Run Script";
			outputPaths = (
			);
			runOnlyForDeploymentPostprocessing = 0;
			shellPath = /bin/sh;
			shellScript = "sh ProvisionQL/Scripts/autoupdate-revision.sh\n";
		};
/* End PBXShellScriptBuildPhase section */

/* Begin PBXSourcesBuildPhase section */
		55DB7277186E193500CAFEE7 /* Sources */ = {
			isa = PBXSourcesBuildPhase;
			buildActionMask = 2147483647;
			files = (
				55424C681870DB2A002F5408 /* NSBezierPath+IOS7RoundedRect.m in Sources */,
				555E9515186E2D67001D406A /* main.c in Sources */,
				557C842618732599008A2A0C /* Shared.m in Sources */,
				55DB728F186E193500CAFEE7 /* GenerateThumbnailForURL.m in Sources */,
				55DB7291186E193500CAFEE7 /* GeneratePreviewForURL.m in Sources */,
			);
			runOnlyForDeploymentPostprocessing = 0;
		};
/* End PBXSourcesBuildPhase section */

/* Begin XCBuildConfiguration section */
		55DB7295186E193500CAFEE7 /* Debug */ = {
			isa = XCBuildConfiguration;
			buildSettings = {
				ALWAYS_SEARCH_USER_PATHS = NO;
				CLANG_CXX_LANGUAGE_STANDARD = "gnu++0x";
				CLANG_CXX_LIBRARY = "libc++";
				CLANG_ENABLE_OBJC_ARC = YES;
				CLANG_WARN_BLOCK_CAPTURE_AUTORELEASING = YES;
				CLANG_WARN_BOOL_CONVERSION = YES;
				CLANG_WARN_COMMA = YES;
				CLANG_WARN_CONSTANT_CONVERSION = YES;
				CLANG_WARN_DEPRECATED_OBJC_IMPLEMENTATIONS = YES;
				CLANG_WARN_DIRECT_OBJC_ISA_USAGE = YES_ERROR;
				CLANG_WARN_EMPTY_BODY = YES;
				CLANG_WARN_ENUM_CONVERSION = YES;
				CLANG_WARN_INFINITE_RECURSION = YES;
				CLANG_WARN_INT_CONVERSION = YES;
				CLANG_WARN_NON_LITERAL_NULL_CONVERSION = YES;
				CLANG_WARN_OBJC_IMPLICIT_RETAIN_SELF = YES;
				CLANG_WARN_OBJC_LITERAL_CONVERSION = YES;
				CLANG_WARN_OBJC_ROOT_CLASS = YES_ERROR;
				CLANG_WARN_RANGE_LOOP_ANALYSIS = YES;
				CLANG_WARN_STRICT_PROTOTYPES = YES;
				CLANG_WARN_SUSPICIOUS_MOVE = YES;
				CLANG_WARN_UNREACHABLE_CODE = YES;
				CLANG_WARN__DUPLICATE_METHOD_MATCH = YES;
				COPY_PHASE_STRIP = NO;
				ENABLE_STRICT_OBJC_MSGSEND = YES;
				ENABLE_TESTABILITY = YES;
				GCC_C_LANGUAGE_STANDARD = gnu99;
				GCC_DYNAMIC_NO_PIC = NO;
				GCC_ENABLE_OBJC_EXCEPTIONS = YES;
				GCC_NO_COMMON_BLOCKS = YES;
				GCC_OPTIMIZATION_LEVEL = 0;
				GCC_PREPROCESSOR_DEFINITIONS = (
					"DEBUG=1",
					"$(inherited)",
				);
				GCC_SYMBOLS_PRIVATE_EXTERN = NO;
				GCC_WARN_64_TO_32_BIT_CONVERSION = YES;
				GCC_WARN_ABOUT_RETURN_TYPE = YES_ERROR;
				GCC_WARN_UNDECLARED_SELECTOR = YES;
				GCC_WARN_UNINITIALIZED_AUTOS = YES;
				GCC_WARN_UNUSED_FUNCTION = YES;
				GCC_WARN_UNUSED_VARIABLE = YES;
				MACOSX_DEPLOYMENT_TARGET = 10.13;
				ONLY_ACTIVE_ARCH = YES;
				SDKROOT = macosx;
			};
			name = Debug;
		};
		55DB7296186E193500CAFEE7 /* Release */ = {
			isa = XCBuildConfiguration;
			buildSettings = {
				ALWAYS_SEARCH_USER_PATHS = NO;
				CLANG_CXX_LANGUAGE_STANDARD = "gnu++0x";
				CLANG_CXX_LIBRARY = "libc++";
				CLANG_ENABLE_OBJC_ARC = YES;
				CLANG_WARN_BLOCK_CAPTURE_AUTORELEASING = YES;
				CLANG_WARN_BOOL_CONVERSION = YES;
				CLANG_WARN_COMMA = YES;
				CLANG_WARN_CONSTANT_CONVERSION = YES;
				CLANG_WARN_DEPRECATED_OBJC_IMPLEMENTATIONS = YES;
				CLANG_WARN_DIRECT_OBJC_ISA_USAGE = YES_ERROR;
				CLANG_WARN_EMPTY_BODY = YES;
				CLANG_WARN_ENUM_CONVERSION = YES;
				CLANG_WARN_INFINITE_RECURSION = YES;
				CLANG_WARN_INT_CONVERSION = YES;
				CLANG_WARN_NON_LITERAL_NULL_CONVERSION = YES;
				CLANG_WARN_OBJC_IMPLICIT_RETAIN_SELF = YES;
				CLANG_WARN_OBJC_LITERAL_CONVERSION = YES;
				CLANG_WARN_OBJC_ROOT_CLASS = YES_ERROR;
				CLANG_WARN_RANGE_LOOP_ANALYSIS = YES;
				CLANG_WARN_STRICT_PROTOTYPES = YES;
				CLANG_WARN_SUSPICIOUS_MOVE = YES;
				CLANG_WARN_UNREACHABLE_CODE = YES;
				CLANG_WARN__DUPLICATE_METHOD_MATCH = YES;
				COPY_PHASE_STRIP = YES;
				DEBUG_INFORMATION_FORMAT = "dwarf-with-dsym";
				ENABLE_NS_ASSERTIONS = NO;
				ENABLE_STRICT_OBJC_MSGSEND = YES;
				GCC_C_LANGUAGE_STANDARD = gnu99;
				GCC_ENABLE_OBJC_EXCEPTIONS = YES;
				GCC_NO_COMMON_BLOCKS = YES;
				GCC_WARN_64_TO_32_BIT_CONVERSION = YES;
				GCC_WARN_ABOUT_RETURN_TYPE = YES_ERROR;
				GCC_WARN_UNDECLARED_SELECTOR = YES;
				GCC_WARN_UNINITIALIZED_AUTOS = YES;
				GCC_WARN_UNUSED_FUNCTION = YES;
				GCC_WARN_UNUSED_VARIABLE = YES;
				MACOSX_DEPLOYMENT_TARGET = 10.13;
				SDKROOT = macosx;
			};
			name = Release;
		};
		55DB7298186E193500CAFEE7 /* Debug */ = {
			isa = XCBuildConfiguration;
			buildSettings = {
				CODE_SIGN_IDENTITY = "Developer ID Application";
				CODE_SIGN_INJECT_BASE_ENTITLEMENTS = NO;
				CODE_SIGN_STYLE = Manual;
				COMBINE_HIDPI_IMAGES = YES;
				CURRENT_PROJECT_VERSION = 1;
				DEVELOPMENT_TEAM = 5567X9EQ9Q;
				ENABLE_HARDENED_RUNTIME = YES;
				INFOPLIST_FILE = "ProvisionQL/Supporting-files/Info.plist";
				INSTALL_PATH = /Library/QuickLook;
				MARKETING_VERSION = 1.6.4;
				OTHER_CODE_SIGN_FLAGS = "--timestamp";
				PRODUCT_BUNDLE_IDENTIFIER = com.ealeksandrov.ProvisionQL;
				PRODUCT_NAME = "$(TARGET_NAME)";
				WRAPPER_EXTENSION = qlgenerator;
			};
			name = Debug;
		};
		55DB7299186E193500CAFEE7 /* Release */ = {
			isa = XCBuildConfiguration;
			buildSettings = {
				CODE_SIGN_IDENTITY = "Developer ID Application";
				CODE_SIGN_INJECT_BASE_ENTITLEMENTS = NO;
				CODE_SIGN_STYLE = Manual;
				COMBINE_HIDPI_IMAGES = YES;
				CURRENT_PROJECT_VERSION = 1;
				DEVELOPMENT_TEAM = 5567X9EQ9Q;
				ENABLE_HARDENED_RUNTIME = YES;
				INFOPLIST_FILE = "ProvisionQL/Supporting-files/Info.plist";
				INSTALL_PATH = /Library/QuickLook;
				MARKETING_VERSION = 1.6.4;
				OTHER_CODE_SIGN_FLAGS = "--timestamp";
				PRODUCT_BUNDLE_IDENTIFIER = com.ealeksandrov.ProvisionQL;
				PRODUCT_NAME = "$(TARGET_NAME)";
				WRAPPER_EXTENSION = qlgenerator;
			};
			name = Release;
		};
/* End XCBuildConfiguration section */

/* Begin XCConfigurationList section */
		55DB7276186E193500CAFEE7 /* Build configuration list for PBXProject "ProvisionQL" */ = {
			isa = XCConfigurationList;
			buildConfigurations = (
				55DB7295186E193500CAFEE7 /* Debug */,
				55DB7296186E193500CAFEE7 /* Release */,
			);
			defaultConfigurationIsVisible = 0;
			defaultConfigurationName = Release;
		};
		55DB7297186E193500CAFEE7 /* Build configuration list for PBXNativeTarget "ProvisionQL" */ = {
			isa = XCConfigurationList;
			buildConfigurations = (
				55DB7298186E193500CAFEE7 /* Debug */,
				55DB7299186E193500CAFEE7 /* Release */,
			);
			defaultConfigurationIsVisible = 0;
			defaultConfigurationName = Release;
		};
/* End XCConfigurationList section */
	};
	rootObject = 55DB7273186E193500CAFEE7 /* Project object */;
}
