// !$*UTF8*$!
{
	archiveVersion = 1;
	classes = {
	};
	objectVersion = 77;
	objects = {

/* Begin PBXBuildFile section */
		17BD43CB3FB44CC1B2DDB0CB /* PreviewUI in Frameworks */ = {isa = PBXBuildFile; productRef = B9B0A43209104350B4BEC618 /* PreviewUI */; };
		55465FD02E0401D70008C983 /* ProvisionQLCore in Frameworks */ = {isa = PBXBuildFile; productRef = 55465FCF2E0401D70008C983 /* ProvisionQLCore */; };
		55465FD22E0402510008C983 /* ProvisionQLCore in Frameworks */ = {isa = PBXBuildFile; productRef = 55465FD12E0402510008C983 /* ProvisionQLCore */; };
		55BC97352DFF0870008F9F5D /* QuickLookThumbnailing.framework in Frameworks */ = {isa = PBXBuildFile; fileRef = 55BC97342DFF0870008F9F5D /* QuickLookThumbnailing.framework */; };
		55BC97372DFF0870008F9F5D /* Quartz.framework in Frameworks */ = {isa = PBXBuildFile; fileRef = 55BC97362DFF0870008F9F5D /* Quartz.framework */; };
		55BC973F2DFF0870008F9F5D /* Thumbnail.appex in Embed Foundation Extensions */ = {isa = PBXBuildFile; fileRef = 55BC97322DFF0870008F9F5D /* Thumbnail.appex */; settings = {ATTRIBUTES = (RemoveHeadersOnCopy, ); }; };
		55C1053B2E0032FE00037993 /* Quartz.framework in Frameworks */ = {isa = PBXBuildFile; fileRef = 55BC97362DFF0870008F9F5D /* Quartz.framework */; };
		55C105482E0032FE00037993 /* Preview.appex in Embed Foundation Extensions */ = {isa = PBXBuildFile; fileRef = 55C1053A2E0032FE00037993 /* Preview.appex */; settings = {ATTRIBUTES = (RemoveHeadersOnCopy, ); }; };
/* End PBXBuildFile section */

/* Begin PBXContainerItemProxy section */
		55BC973D2DFF0870008F9F5D /* PBXContainerItemProxy */ = {
			isa = PBXContainerItemProxy;
			containerPortal = 55BC96F22DFF06C6008F9F5D /* Project object */;
			proxyType = 1;
			remoteGlobalIDString = 55BC97312DFF0870008F9F5D;
			remoteInfo = Thumbnail;
		};
		55C105462E0032FE00037993 /* PBXContainerItemProxy */ = {
			isa = PBXContainerItemProxy;
			containerPortal = 55BC96F22DFF06C6008F9F5D /* Project object */;
			proxyType = 1;
			remoteGlobalIDString = 55C105392E0032FE00037993;
			remoteInfo = Preview;
		};
/* End PBXContainerItemProxy section */

/* Begin PBXCopyFilesBuildPhase section */
		55BC97442DFF0870008F9F5D /* Embed Foundation Extensions */ = {
			isa = PBXCopyFilesBuildPhase;
			buildActionMask = 2147483647;
			dstPath = "";
			dstSubfolderSpec = 13;
			files = (
				55BC973F2DFF0870008F9F5D /* Thumbnail.appex in Embed Foundation Extensions */,
				55C105482E0032FE00037993 /* Preview.appex in Embed Foundation Extensions */,
			);
			name = "Embed Foundation Extensions";
			runOnlyForDeploymentPostprocessing = 0;
		};
/* End PBXCopyFilesBuildPhase section */

/* Begin PBXFileReference section */
		55BC96FA2DFF06C6008F9F5D /* ProvisionQL.app */ = {isa = PBXFileReference; explicitFileType = wrapper.application; includeInIndex = 0; path = ProvisionQL.app; sourceTree = BUILT_PRODUCTS_DIR; };
		55BC97322DFF0870008F9F5D /* Thumbnail.appex */ = {isa = PBXFileReference; explicitFileType = "wrapper.app-extension"; includeInIndex = 0; path = Thumbnail.appex; sourceTree = BUILT_PRODUCTS_DIR; };
		55BC97342DFF0870008F9F5D /* QuickLookThumbnailing.framework */ = {isa = PBXFileReference; lastKnownFileType = wrapper.framework; name = QuickLookThumbnailing.framework; path = System/Library/Frameworks/QuickLookThumbnailing.framework; sourceTree = SDKROOT; };
		55BC97362DFF0870008F9F5D /* Quartz.framework */ = {isa = PBXFileReference; lastKnownFileType = wrapper.framework; name = Quartz.framework; path = System/Library/Frameworks/Quartz.framework; sourceTree = SDKROOT; };
		55C1053A2E0032FE00037993 /* Preview.appex */ = {isa = PBXFileReference; explicitFileType = "wrapper.app-extension"; includeInIndex = 0; path = Preview.appex; sourceTree = BUILT_PRODUCTS_DIR; };
/* End PBXFileReference section */

/* Begin PBXFileSystemSynchronizedBuildFileExceptionSet section */
		55BC97402DFF0870008F9F5D /* Exceptions for "Thumbnail" folder in "Thumbnail" target */ = {
			isa = PBXFileSystemSynchronizedBuildFileExceptionSet;
			membershipExceptions = (
				Info.plist,
			);
			target = 55BC97312DFF0870008F9F5D /* Thumbnail */;
		};
		55C105492E0032FE00037993 /* Exceptions for "Preview" folder in "Preview" target */ = {
			isa = PBXFileSystemSynchronizedBuildFileExceptionSet;
			membershipExceptions = (
				Info.plist,
			);
			target = 55C105392E0032FE00037993 /* Preview */;
		};
/* End PBXFileSystemSynchronizedBuildFileExceptionSet section */

/* Begin PBXFileSystemSynchronizedRootGroup section */
		55BC96FC2DFF06C6008F9F5D /* ProvisionQL */ = {
			isa = PBXFileSystemSynchronizedRootGroup;
			path = ProvisionQL;
			sourceTree = "<group>";
		};
		55BC97382DFF0870008F9F5D /* Thumbnail */ = {
			isa = PBXFileSystemSynchronizedRootGroup;
			exceptions = (
				55BC97402DFF0870008F9F5D /* Exceptions for "Thumbnail" folder in "Thumbnail" target */,
			);
			path = Thumbnail;
			sourceTree = "<group>";
		};
		55C1053C2E0032FE00037993 /* Preview */ = {
			isa = PBXFileSystemSynchronizedRootGroup;
			exceptions = (
				55C105492E0032FE00037993 /* Exceptions for "Preview" folder in "Preview" target */,
			);
			path = Preview;
			sourceTree = "<group>";
		};
/* End PBXFileSystemSynchronizedRootGroup section */

/* Begin PBXFrameworksBuildPhase section */
		55BC96F72DFF06C6008F9F5D /* Frameworks */ = {
			isa = PBXFrameworksBuildPhase;
			buildActionMask = 2147483647;
			files = (
			);
			runOnlyForDeploymentPostprocessing = 0;
		};
		55BC972F2DFF0870008F9F5D /* Frameworks */ = {
			isa = PBXFrameworksBuildPhase;
			buildActionMask = 2147483647;
			files = (
				55BC97352DFF0870008F9F5D /* QuickLookThumbnailing.framework in Frameworks */,
				55465FD02E0401D70008C983 /* ProvisionQLCore in Frameworks */,
				55BC97372DFF0870008F9F5D /* Quartz.framework in Frameworks */,
			);
			runOnlyForDeploymentPostprocessing = 0;
		};
		55C105372E0032FE00037993 /* Frameworks */ = {
			isa = PBXFrameworksBuildPhase;
			buildActionMask = 2147483647;
			files = (
				17BD43CB3FB44CC1B2DDB0CB /* PreviewUI in Frameworks */,
				55465FD22E0402510008C983 /* ProvisionQLCore in Frameworks */,
				55C1053B2E0032FE00037993 /* Quartz.framework in Frameworks */,
			);
			runOnlyForDeploymentPostprocessing = 0;
		};
/* End PBXFrameworksBuildPhase section */

/* Begin PBXGroup section */
		55BC96F12DFF06C6008F9F5D = {
			isa = PBXGroup;
			children = (
				55BC96FC2DFF06C6008F9F5D /* ProvisionQL */,
				55BC97382DFF0870008F9F5D /* Thumbnail */,
				55C1053C2E0032FE00037993 /* Preview */,
				55BC97332DFF0870008F9F5D /* Frameworks */,
				55BC96FB2DFF06C6008F9F5D /* Products */,
			);
			sourceTree = "<group>";
		};
		55BC96FB2DFF06C6008F9F5D /* Products */ = {
			isa = PBXGroup;
			children = (
				55BC96FA2DFF06C6008F9F5D /* ProvisionQL.app */,
				55BC97322DFF0870008F9F5D /* Thumbnail.appex */,
				55C1053A2E0032FE00037993 /* Preview.appex */,
			);
			name = Products;
			sourceTree = "<group>";
		};
		55BC97332DFF0870008F9F5D /* Frameworks */ = {
			isa = PBXGroup;
			children = (
				55BC97342DFF0870008F9F5D /* QuickLookThumbnailing.framework */,
				55BC97362DFF0870008F9F5D /* Quartz.framework */,
			);
			name = Frameworks;
			sourceTree = "<group>";
		};
/* End PBXGroup section */

/* Begin PBXNativeTarget section */
		55BC96F92DFF06C6008F9F5D /* ProvisionQL */ = {
			isa = PBXNativeTarget;
			buildConfigurationList = 55BC971C2DFF06C7008F9F5D /* Build configuration list for PBXNativeTarget "ProvisionQL" */;
			buildPhases = (
				55BC96F62DFF06C6008F9F5D /* Sources */,
				55BC96F72DFF06C6008F9F5D /* Frameworks */,
				55BC96F82DFF06C6008F9F5D /* Resources */,
				55BC97442DFF0870008F9F5D /* Embed Foundation Extensions */,
				5512771D2E5A5A6D00209DD1 /* Update Build Number */,
			);
			buildRules = (
			);
			dependencies = (
				55BC973E2DFF0870008F9F5D /* PBXTargetDependency */,
				55C105472E0032FE00037993 /* PBXTargetDependency */,
			);
			fileSystemSynchronizedGroups = (
				55BC96FC2DFF06C6008F9F5D /* ProvisionQL */,
			);
			name = ProvisionQL;
			packageProductDependencies = (
			);
			productName = ProvisionQL;
			productReference = 55BC96FA2DFF06C6008F9F5D /* ProvisionQL.app */;
			productType = "com.apple.product-type.application";
		};
		55BC97312DFF0870008F9F5D /* Thumbnail */ = {
			isa = PBXNativeTarget;
			buildConfigurationList = 55BC97412DFF0870008F9F5D /* Build configuration list for PBXNativeTarget "Thumbnail" */;
			buildPhases = (
				55BC972E2DFF0870008F9F5D /* Sources */,
				55BC972F2DFF0870008F9F5D /* Frameworks */,
				55BC97302DFF0870008F9F5D /* Resources */,
				551278D62E5A5F0500209DD1 /* Update Build Number */,
			);
			buildRules = (
			);
			dependencies = (
			);
			fileSystemSynchronizedGroups = (
				55BC97382DFF0870008F9F5D /* Thumbnail */,
			);
			name = Thumbnail;
			packageProductDependencies = (
				55465FCF2E0401D70008C983 /* ProvisionQLCore */,
			);
			productName = Thumbnail;
			productReference = 55BC97322DFF0870008F9F5D /* Thumbnail.appex */;
			productType = "com.apple.product-type.app-extension";
		};
		55C105392E0032FE00037993 /* Preview */ = {
			isa = PBXNativeTarget;
			buildConfigurationList = 55C1054A2E0032FE00037993 /* Build configuration list for PBXNativeTarget "Preview" */;
			buildPhases = (
				55C105362E0032FE00037993 /* Sources */,
				55C105372E0032FE00037993 /* Frameworks */,
				55C105382E0032FE00037993 /* Resources */,
				551278D72E5A5F2E00209DD1 /* Update Build Number */,
			);
			buildRules = (
			);
			dependencies = (
			);
			fileSystemSynchronizedGroups = (
				55C1053C2E0032FE00037993 /* Preview */,
			);
			name = Preview;
			packageProductDependencies = (
				55465FD12E0402510008C983 /* ProvisionQLCore */,
				B9B0A43209104350B4BEC618 /* PreviewUI */,
			);
			productName = Preview;
			productReference = 55C1053A2E0032FE00037993 /* Preview.appex */;
			productType = "com.apple.product-type.app-extension";
		};
/* End PBXNativeTarget section */

/* Begin PBXProject section */
		55BC96F22DFF06C6008F9F5D /* Project object */ = {
			isa = PBXProject;
			attributes = {
				BuildIndependentTargetsInParallel = 1;
				LastSwiftUpdateCheck = 1640;
				LastUpgradeCheck = 2650;
				TargetAttributes = {
					55BC96F92DFF06C6008F9F5D = {
						CreatedOnToolsVersion = 16.4;
					};
					55BC97312DFF0870008F9F5D = {
						CreatedOnToolsVersion = 16.4;
					};
					55C105392E0032FE00037993 = {
						CreatedOnToolsVersion = 16.4;
					};
				};
			};
			buildConfigurationList = 55BC96F52DFF06C6008F9F5D /* Build configuration list for PBXProject "ProvisionQL" */;
			developmentRegion = en;
			hasScannedForEncodings = 0;
			knownRegions = (
				en,
				Base,
			);
			mainGroup = 55BC96F12DFF06C6008F9F5D;
			minimizedProjectReferenceProxies = 1;
			packageReferences = (
				55465FC52E0401670008C983 /* XCLocalSwiftPackageReference "ProvisionQLCore" */,
			);
			preferredProjectObjectVersion = 77;
			productRefGroup = 55BC96FB2DFF06C6008F9F5D /* Products */;
			projectDirPath = "";
			projectRoot = "";
			targets = (
				55BC96F92DFF06C6008F9F5D /* ProvisionQL */,
				55BC97312DFF0870008F9F5D /* Thumbnail */,
				55C105392E0032FE00037993 /* Preview */,
			);
		};
/* End PBXProject section */

/* Begin PBXResourcesBuildPhase section */
		55BC96F82DFF06C6008F9F5D /* Resources */ = {
			isa = PBXResourcesBuildPhase;
			buildActionMask = 2147483647;
			files = (
			);
			runOnlyForDeploymentPostprocessing = 0;
		};
		55BC97302DFF0870008F9F5D /* Resources */ = {
			isa = PBXResourcesBuildPhase;
			buildActionMask = 2147483647;
			files = (
			);
			runOnlyForDeploymentPostprocessing = 0;
		};
		55C105382E0032FE00037993 /* Resources */ = {
			isa = PBXResourcesBuildPhase;
			buildActionMask = 2147483647;
			files = (
			);
			runOnlyForDeploymentPostprocessing = 0;
		};
/* End PBXResourcesBuildPhase section */

/* Begin PBXShellScriptBuildPhase section */
		5512771D2E5A5A6D00209DD1 /* Update Build Number */ = {
			isa = PBXShellScriptBuildPhase;
			alwaysOutOfDate = 1;
			buildActionMask = 2147483647;
			files = (
			);
			inputFileListPaths = (
			);
			inputPaths = (
			);
			name = "Update Build Number";
			outputFileListPaths = (
			);
			outputPaths = (
			);
			runOnlyForDeploymentPostprocessing = 0;
			shellPath = /bin/sh;
			shellScript = "sh Scripts/autoupdate-revision.sh\n";
			showEnvVarsInLog = 0;
		};
		551278D62E5A5F0500209DD1 /* Update Build Number */ = {
			isa = PBXShellScriptBuildPhase;
			alwaysOutOfDate = 1;
			buildActionMask = 2147483647;
			files = (
			);
			inputFileListPaths = (
			);
			inputPaths = (
			);
			name = "Update Build Number";
			outputFileListPaths = (
			);
			outputPaths = (
			);
			runOnlyForDeploymentPostprocessing = 0;
			shellPath = /bin/sh;
			shellScript = "sh Scripts/autoupdate-revision.sh\n";
			showEnvVarsInLog = 0;
		};
		551278D72E5A5F2E00209DD1 /* Update Build Number */ = {
			isa = PBXShellScriptBuildPhase;
			alwaysOutOfDate = 1;
			buildActionMask = 2147483647;
			files = (
			);
			inputFileListPaths = (
			);
			inputPaths = (
			);
			name = "Update Build Number";
			outputFileListPaths = (
			);
			outputPaths = (
			);
			runOnlyForDeploymentPostprocessing = 0;
			shellPath = /bin/sh;
			shellScript = "sh Scripts/autoupdate-revision.sh\n";
			showEnvVarsInLog = 0;
		};
/* End PBXShellScriptBuildPhase section */

/* Begin PBXSourcesBuildPhase section */
		55BC96F62DFF06C6008F9F5D /* Sources */ = {
			isa = PBXSourcesBuildPhase;
			buildActionMask = 2147483647;
			files = (
			);
			runOnlyForDeploymentPostprocessing = 0;
		};
		55BC972E2DFF0870008F9F5D /* Sources */ = {
			isa = PBXSourcesBuildPhase;
			buildActionMask = 2147483647;
			files = (
			);
			runOnlyForDeploymentPostprocessing = 0;
		};
		55C105362E0032FE00037993 /* Sources */ = {
			isa = PBXSourcesBuildPhase;
			buildActionMask = 2147483647;
			files = (
			);
			runOnlyForDeploymentPostprocessing = 0;
		};
/* End PBXSourcesBuildPhase section */

/* Begin PBXTargetDependency section */
		55BC973E2DFF0870008F9F5D /* PBXTargetDependency */ = {
			isa = PBXTargetDependency;
			target = 55BC97312DFF0870008F9F5D /* Thumbnail */;
			targetProxy = 55BC973D2DFF0870008F9F5D /* PBXContainerItemProxy */;
		};
		55C105472E0032FE00037993 /* PBXTargetDependency */ = {
			isa = PBXTargetDependency;
			target = 55C105392E0032FE00037993 /* Preview */;
			targetProxy = 55C105462E0032FE00037993 /* PBXContainerItemProxy */;
		};
/* End PBXTargetDependency section */

/* Begin XCBuildConfiguration section */
		55BC971A2DFF06C7008F9F5D /* Debug */ = {
			isa = XCBuildConfiguration;
			buildSettings = {
				ALWAYS_SEARCH_USER_PATHS = NO;
				ASSETCATALOG_COMPILER_GENERATE_SWIFT_ASSET_SYMBOL_EXTENSIONS = YES;
				CLANG_ANALYZER_NONNULL = YES;
				CLANG_ANALYZER_NUMBER_OBJECT_CONVERSION = YES_AGGRESSIVE;
				CLANG_CXX_LANGUAGE_STANDARD = "gnu++20";
				CLANG_ENABLE_MODULES = YES;
				CLANG_ENABLE_OBJC_ARC = YES;
				CLANG_ENABLE_OBJC_WEAK = YES;
				CLANG_WARN_BLOCK_CAPTURE_AUTORELEASING = YES;
				CLANG_WARN_BOOL_CONVERSION = YES;
				CLANG_WARN_COMMA = YES;
				CLANG_WARN_CONSTANT_CONVERSION = YES;
				CLANG_WARN_DEPRECATED_OBJC_IMPLEMENTATIONS = YES;
				CLANG_WARN_DIRECT_OBJC_ISA_USAGE = YES_ERROR;
				CLANG_WARN_DOCUMENTATION_COMMENTS = YES;
				CLANG_WARN_EMPTY_BODY = YES;
				CLANG_WARN_ENUM_CONVERSION = YES;
				CLANG_WARN_INFINITE_RECURSION = YES;
				CLANG_WARN_INT_CONVERSION = YES;
				CLANG_WARN_NON_LITERAL_NULL_CONVERSION = YES;
				CLANG_WARN_OBJC_IMPLICIT_RETAIN_SELF = YES;
				CLANG_WARN_OBJC_LITERAL_CONVERSION = YES;
				CLANG_WARN_OBJC_ROOT_CLASS = YES_ERROR;
				CLANG_WARN_QUOTED_INCLUDE_IN_FRAMEWORK_HEADER = YES;
				CLANG_WARN_RANGE_LOOP_ANALYSIS = YES;
				CLANG_WARN_STRICT_PROTOTYPES = YES;
				CLANG_WARN_SUSPICIOUS_MOVE = YES;
				CLANG_WARN_UNGUARDED_AVAILABILITY = YES_AGGRESSIVE;
				CLANG_WARN_UNREACHABLE_CODE = YES;
				CLANG_WARN__DUPLICATE_METHOD_MATCH = YES;
				COPY_PHASE_STRIP = NO;
				CURRENT_PROJECT_VERSION = 1;
				DEAD_CODE_STRIPPING = YES;
				DEBUG_INFORMATION_FORMAT = dwarf;
				DEVELOPMENT_TEAM = 5567X9EQ9Q;
				ENABLE_STRICT_OBJC_MSGSEND = YES;
				ENABLE_TESTABILITY = YES;
				ENABLE_USER_SCRIPT_SANDBOXING = NO;
				GCC_C_LANGUAGE_STANDARD = gnu17;
				GCC_DYNAMIC_NO_PIC = NO;
				GCC_NO_COMMON_BLOCKS = YES;
				GCC_OPTIMIZATION_LEVEL = 0;
				GCC_PREPROCESSOR_DEFINITIONS = (
					"DEBUG=1",
					"$(inherited)",
				);
				GCC_WARN_64_TO_32_BIT_CONVERSION = YES;
				GCC_WARN_ABOUT_RETURN_TYPE = YES_ERROR;
				GCC_WARN_UNDECLARED_SELECTOR = YES;
				GCC_WARN_UNINITIALIZED_AUTOS = YES_AGGRESSIVE;
				GCC_WARN_UNUSED_FUNCTION = YES;
				GCC_WARN_UNUSED_VARIABLE = YES;
				LOCALIZATION_PREFERS_STRING_CATALOGS = YES;
				MACOSX_DEPLOYMENT_TARGET = 15.0;
				MARKETING_VERSION = 2.0;
				MTL_ENABLE_DEBUG_INFO = INCLUDE_SOURCE;
				MTL_FAST_MATH = YES;
				ONLY_ACTIVE_ARCH = YES;
				SDKROOT = macosx;
				STRING_CATALOG_GENERATE_SYMBOLS = YES;
				SWIFT_ACTIVE_COMPILATION_CONDITIONS = "DEBUG $(inherited)";
				SWIFT_EMIT_LOC_STRINGS = YES;
				SWIFT_OPTIMIZATION_LEVEL = "-Onone";
				SWIFT_VERSION = 6.0;
			};
			name = Debug;
		};
		55BC971B2DFF06C7008F9F5D /* Release */ = {
			isa = XCBuildConfiguration;
			buildSettings = {
				ALWAYS_SEARCH_USER_PATHS = NO;
				ASSETCATALOG_COMPILER_GENERATE_SWIFT_ASSET_SYMBOL_EXTENSIONS = YES;
				CLANG_ANALYZER_NONNULL = YES;
				CLANG_ANALYZER_NUMBER_OBJECT_CONVERSION = YES_AGGRESSIVE;
				CLANG_CXX_LANGUAGE_STANDARD = "gnu++20";
				CLANG_ENABLE_MODULES = YES;
				CLANG_ENABLE_OBJC_ARC = YES;
				CLANG_ENABLE_OBJC_WEAK = YES;
				CLANG_WARN_BLOCK_CAPTURE_AUTORELEASING = YES;
				CLANG_WARN_BOOL_CONVERSION = YES;
				CLANG_WARN_COMMA = YES;
				CLANG_WARN_CONSTANT_CONVERSION = YES;
				CLANG_WARN_DEPRECATED_OBJC_IMPLEMENTATIONS = YES;
				CLANG_WARN_DIRECT_OBJC_ISA_USAGE = YES_ERROR;
				CLANG_WARN_DOCUMENTATION_COMMENTS = YES;
				CLANG_WARN_EMPTY_BODY = YES;
				CLANG_WARN_ENUM_CONVERSION = YES;
				CLANG_WARN_INFINITE_RECURSION = YES;
				CLANG_WARN_INT_CONVERSION = YES;
				CLANG_WARN_NON_LITERAL_NULL_CONVERSION = YES;
				CLANG_WARN_OBJC_IMPLICIT_RETAIN_SELF = YES;
				CLANG_WARN_OBJC_LITERAL_CONVERSION = YES;
				CLANG_WARN_OBJC_ROOT_CLASS = YES_ERROR;
				CLANG_WARN_QUOTED_INCLUDE_IN_FRAMEWORK_HEADER = YES;
				CLANG_WARN_RANGE_LOOP_ANALYSIS = YES;
				CLANG_WARN_STRICT_PROTOTYPES = YES;
				CLANG_WARN_SUSPICIOUS_MOVE = YES;
				CLANG_WARN_UNGUARDED_AVAILABILITY = YES_AGGRESSIVE;
				CLANG_WARN_UNREACHABLE_CODE = YES;
				CLANG_WARN__DUPLICATE_METHOD_MATCH = YES;
				COPY_PHASE_STRIP = NO;
				CURRENT_PROJECT_VERSION = 1;
				DEAD_CODE_STRIPPING = YES;
				DEBUG_INFORMATION_FORMAT = "dwarf-with-dsym";
				DEVELOPMENT_TEAM = 5567X9EQ9Q;
				ENABLE_NS_ASSERTIONS = NO;
				ENABLE_STRICT_OBJC_MSGSEND = YES;
				ENABLE_USER_SCRIPT_SANDBOXING = NO;
				GCC_C_LANGUAGE_STANDARD = gnu17;
				GCC_NO_COMMON_BLOCKS = YES;
				GCC_WARN_64_TO_32_BIT_CONVERSION = YES;
				GCC_WARN_ABOUT_RETURN_TYPE = YES_ERROR;
				GCC_WARN_UNDECLARED_SELECTOR = YES;
				GCC_WARN_UNINITIALIZED_AUTOS = YES_AGGRESSIVE;
				GCC_WARN_UNUSED_FUNCTION = YES;
				GCC_WARN_UNUSED_VARIABLE = YES;
				LOCALIZATION_PREFERS_STRING_CATALOGS = YES;
				MACOSX_DEPLOYMENT_TARGET = 15.0;
				MARKETING_VERSION = 2.0;
				MTL_ENABLE_DEBUG_INFO = NO;
				MTL_FAST_MATH = YES;
				SDKROOT = macosx;
				STRING_CATALOG_GENERATE_SYMBOLS = YES;
				SWIFT_COMPILATION_MODE = wholemodule;
				SWIFT_EMIT_LOC_STRINGS = YES;
				SWIFT_VERSION = 6.0;
			};
			name = Release;
		};
		55BC971D2DFF06C7008F9F5D /* Debug */ = {
			isa = XCBuildConfiguration;
			buildSettings = {
				ASSETCATALOG_COMPILER_APPICON_NAME = AppIcon;
				ASSETCATALOG_COMPILER_GLOBAL_ACCENT_COLOR_NAME = AccentColor;
				CODE_SIGN_ENTITLEMENTS = ProvisionQL/ProvisionQL.entitlements;
				CODE_SIGN_STYLE = Automatic;
				COMBINE_HIDPI_IMAGES = YES;
				DEAD_CODE_STRIPPING = YES;
				DEVELOPMENT_TEAM = 5567X9EQ9Q;
				ENABLE_HARDENED_RUNTIME = YES;
				ENABLE_PREVIEWS = YES;
				GENERATE_INFOPLIST_FILE = YES;
				INFOPLIST_KEY_LSApplicationCategoryType = "public.app-category.developer-tools";
				LD_RUNPATH_SEARCH_PATHS = (
					"$(inherited)",
					"@executable_path/../Frameworks",
				);
				PRODUCT_BUNDLE_IDENTIFIER = com.ealeksandrov.ProvisionQL;
				PRODUCT_NAME = "$(TARGET_NAME)";
				REGISTER_APP_GROUPS = YES;
			};
			name = Debug;
		};
		55BC971E2DFF06C7008F9F5D /* Release */ = {
			isa = XCBuildConfiguration;
			buildSettings = {
				ASSETCATALOG_COMPILER_APPICON_NAME = AppIcon;
				ASSETCATALOG_COMPILER_GLOBAL_ACCENT_COLOR_NAME = AccentColor;
				CODE_SIGN_ENTITLEMENTS = ProvisionQL/ProvisionQL.entitlements;
				CODE_SIGN_STYLE = Automatic;
				COMBINE_HIDPI_IMAGES = YES;
				DEAD_CODE_STRIPPING = YES;
				DEVELOPMENT_TEAM = 5567X9EQ9Q;
				ENABLE_HARDENED_RUNTIME = YES;
				ENABLE_PREVIEWS = YES;
				GENERATE_INFOPLIST_FILE = YES;
				INFOPLIST_KEY_LSApplicationCategoryType = "public.app-category.developer-tools";
				LD_RUNPATH_SEARCH_PATHS = (
					"$(inherited)",
					"@executable_path/../Frameworks",
				);
				PRODUCT_BUNDLE_IDENTIFIER = com.ealeksandrov.ProvisionQL;
				PRODUCT_NAME = "$(TARGET_NAME)";
				REGISTER_APP_GROUPS = YES;
			};
			name = Release;
		};
		55BC97422DFF0870008F9F5D /* Debug */ = {
			isa = XCBuildConfiguration;
			buildSettings = {
				CODE_SIGN_ENTITLEMENTS = Thumbnail/Thumbnail.entitlements;
				CODE_SIGN_STYLE = Automatic;
				DEAD_CODE_STRIPPING = YES;
				DEVELOPMENT_TEAM = 5567X9EQ9Q;
				ENABLE_HARDENED_RUNTIME = YES;
				GENERATE_INFOPLIST_FILE = YES;
				INFOPLIST_FILE = Thumbnail/Info.plist;
				INFOPLIST_KEY_CFBundleDisplayName = Thumbnail;
				LD_RUNPATH_SEARCH_PATHS = (
					"$(inherited)",
					"@executable_path/../Frameworks",
					"@executable_path/../../../../Frameworks",
				);
				PRODUCT_BUNDLE_IDENTIFIER = com.ealeksandrov.ProvisionQL.thumbnail;
				PRODUCT_NAME = "$(TARGET_NAME)";
				SKIP_INSTALL = YES;
			};
			name = Debug;
		};
		55BC97432DFF0870008F9F5D /* Release */ = {
			isa = XCBuildConfiguration;
			buildSettings = {
				CODE_SIGN_ENTITLEMENTS = Thumbnail/Thumbnail.entitlements;
				CODE_SIGN_STYLE = Automatic;
				DEAD_CODE_STRIPPING = YES;
				DEVELOPMENT_TEAM = 5567X9EQ9Q;
				ENABLE_HARDENED_RUNTIME = YES;
				GENERATE_INFOPLIST_FILE = YES;
				INFOPLIST_FILE = Thumbnail/Info.plist;
				INFOPLIST_KEY_CFBundleDisplayName = Thumbnail;
				LD_RUNPATH_SEARCH_PATHS = (
					"$(inherited)",
					"@executable_path/../Frameworks",
					"@executable_path/../../../../Frameworks",
				);
				PRODUCT_BUNDLE_IDENTIFIER = com.ealeksandrov.ProvisionQL.thumbnail;
				PRODUCT_NAME = "$(TARGET_NAME)";
				SKIP_INSTALL = YES;
			};
			name = Release;
		};
		55C1054B2E0032FE00037993 /* Debug */ = {
			isa = XCBuildConfiguration;
			buildSettings = {
				CODE_SIGN_ENTITLEMENTS = Preview/Preview.entitlements;
				CODE_SIGN_STYLE = Automatic;
				DEAD_CODE_STRIPPING = YES;
				DEVELOPMENT_TEAM = 5567X9EQ9Q;
				ENABLE_HARDENED_RUNTIME = YES;
				GENERATE_INFOPLIST_FILE = YES;
				INFOPLIST_FILE = Preview/Info.plist;
				INFOPLIST_KEY_CFBundleDisplayName = Preview;
				LD_RUNPATH_SEARCH_PATHS = (
					"$(inherited)",
					"@executable_path/../Frameworks",
					"@executable_path/../../../../Frameworks",
				);
				PRODUCT_BUNDLE_IDENTIFIER = com.ealeksandrov.ProvisionQL.preview;
				PRODUCT_NAME = "$(TARGET_NAME)";
				SKIP_INSTALL = YES;
			};
			name = Debug;
		};
		55C1054C2E0032FE00037993 /* Release */ = {
			isa = XCBuildConfiguration;
			buildSettings = {
				CODE_SIGN_ENTITLEMENTS = Preview/Preview.entitlements;
				CODE_SIGN_STYLE = Automatic;
				DEAD_CODE_STRIPPING = YES;
				DEVELOPMENT_TEAM = 5567X9EQ9Q;
				ENABLE_HARDENED_RUNTIME = YES;
				GENERATE_INFOPLIST_FILE = YES;
				INFOPLIST_FILE = Preview/Info.plist;
				INFOPLIST_KEY_CFBundleDisplayName = Preview;
				LD_RUNPATH_SEARCH_PATHS = (
					"$(inherited)",
					"@executable_path/../Frameworks",
					"@executable_path/../../../../Frameworks",
				);
				PRODUCT_BUNDLE_IDENTIFIER = com.ealeksandrov.ProvisionQL.preview;
				PRODUCT_NAME = "$(TARGET_NAME)";
				SKIP_INSTALL = YES;
			};
			name = Release;
		};
/* End XCBuildConfiguration section */

/* Begin XCConfigurationList section */
		55BC96F52DFF06C6008F9F5D /* Build configuration list for PBXProject "ProvisionQL" */ = {
			isa = XCConfigurationList;
			buildConfigurations = (
				55BC971A2DFF06C7008F9F5D /* Debug */,
				55BC971B2DFF06C7008F9F5D /* Release */,
			);
			defaultConfigurationIsVisible = 0;
			defaultConfigurationName = Release;
		};
		55BC971C2DFF06C7008F9F5D /* Build configuration list for PBXNativeTarget "ProvisionQL" */ = {
			isa = XCConfigurationList;
			buildConfigurations = (
				55BC971D2DFF06C7008F9F5D /* Debug */,
				55BC971E2DFF06C7008F9F5D /* Release */,
			);
			defaultConfigurationIsVisible = 0;
			defaultConfigurationName = Release;
		};
		55BC97412DFF0870008F9F5D /* Build configuration list for PBXNativeTarget "Thumbnail" */ = {
			isa = XCConfigurationList;
			buildConfigurations = (
				55BC97422DFF0870008F9F5D /* Debug */,
				55BC97432DFF0870008F9F5D /* Release */,
			);
			defaultConfigurationIsVisible = 0;
			defaultConfigurationName = Release;
		};
		55C1054A2E0032FE00037993 /* Build configuration list for PBXNativeTarget "Preview" */ = {
			isa = XCConfigurationList;
			buildConfigurations = (
				55C1054B2E0032FE00037993 /* Debug */,
				55C1054C2E0032FE00037993 /* Release */,
			);
			defaultConfigurationIsVisible = 0;
			defaultConfigurationName = Release;
		};
/* End XCConfigurationList section */

/* Begin XCLocalSwiftPackageReference section */
		55465FC52E0401670008C983 /* XCLocalSwiftPackageReference "ProvisionQLCore" */ = {
			isa = XCLocalSwiftPackageReference;
			relativePath = ProvisionQLCore;
		};
/* End XCLocalSwiftPackageReference section */

/* Begin XCSwiftPackageProductDependency section */
		55465FCF2E0401D70008C983 /* ProvisionQLCore */ = {
			isa = XCSwiftPackageProductDependency;
			package = 55465FC52E0401670008C983 /* XCLocalSwiftPackageReference "ProvisionQLCore" */;
			productName = ProvisionQLCore;
		};
		55465FD12E0402510008C983 /* ProvisionQLCore */ = {
			isa = XCSwiftPackageProductDependency;
			package = 55465FC52E0401670008C983 /* XCLocalSwiftPackageReference "ProvisionQLCore" */;
			productName = ProvisionQLCore;
		};
		B9B0A43209104350B4BEC618 /* PreviewUI */ = {
			isa = XCSwiftPackageProductDependency;
			package = 55465FC52E0401670008C983 /* XCLocalSwiftPackageReference "ProvisionQLCore" */;
			productName = PreviewUI;
		};
/* End XCSwiftPackageProductDependency section */
	};
	rootObject = 55BC96F22DFF06C6008F9F5D /* Project object */;
}
